// !$*UTF8*$!
{
	archiveVersion = 1;
	classes = {
	};
	objectVersion = 55;
	objects = {

/* Begin PBXBuildFile section */
		E70C474128857EBB005B18A4 /* Assets.xcassets in Resources */ = {isa = PBXBuildFile; fileRef = E70C474028857EBB005B18A4 /* Assets.xcassets */; };
		E70C474428857EBB005B18A4 /* LaunchScreen.storyboard in Resources */ = {isa = PBXBuildFile; fileRef = E70C474228857EBB005B18A4 /* LaunchScreen.storyboard */; };
		E70C474C28857ED0005B18A4 /* zidane.jpeg in Resources */ = {isa = PBXBuildFile; fileRef = E70C474B28857ED0005B18A4 /* zidane.jpeg */; };
		E70C475028857ED7005B18A4 /* Detector.swift in Sources */ = {isa = PBXBuildFile; fileRef = E70C474E28857ED7005B18A4 /* Detector.swift */; };
		E70C475128857ED7005B18A4 /* YOLOv5s.mlmodel in Sources */ = {isa = PBXBuildFile; fileRef = E70C474F28857ED7005B18A4 /* YOLOv5s.mlmodel */; };
		E70C475928857EFF005B18A4 /* ViewController.swift in Sources */ = {isa = PBXBuildFile; fileRef = E70C475528857EFF005B18A4 /* ViewController.swift */; };
		E70C475A28857EFF005B18A4 /* AppDelegate.swift in Sources */ = {isa = PBXBuildFile; fileRef = E70C475628857EFF005B18A4 /* AppDelegate.swift */; };
		E70C475B28857EFF005B18A4 /* SceneDelegate.swift in Sources */ = {isa = PBXBuildFile; fileRef = E70C475728857EFF005B18A4 /* SceneDelegate.swift */; };
		E70C475C28857EFF005B18A4 /* CameraViewController.swift in Sources */ = {isa = PBXBuildFile; fileRef = E70C475828857EFF005B18A4 /* CameraViewController.swift */; };
		E70C475F288580C4005B18A4 /* Main.storyboard in Resources */ = {isa = PBXBuildFile; fileRef = E70C475E288580C4005B18A4 /* Main.storyboard */; };
/* End PBXBuildFile section */

/* Begin PBXFileReference section */
		E70C473428857EB9005B18A4 /* YOLOv5-CoreML.app */ = {isa = PBXFileReference; explicitFileType = wrapper.application; includeInIndex = 0; path = "YOLOv5-CoreML.app"; sourceTree = BUILT_PRODUCTS_DIR; };
		E70C474028857EBB005B18A4 /* Assets.xcassets */ = {isa = PBXFileReference; lastKnownFileType = folder.assetcatalog; path = Assets.xcassets; sourceTree = "<group>"; };
		E70C474328857EBB005B18A4 /* Base */ = {isa = PBXFileReference; lastKnownFileType = file.storyboard; name = Base; path = Base.lproj/LaunchScreen.storyboard; sourceTree = "<group>"; };
		E70C474528857EBB005B18A4 /* Info.plist */ = {isa = PBXFileReference; lastKnownFileType = text.plist.xml; path = Info.plist; sourceTree = "<group>"; };
		E70C474B28857ED0005B18A4 /* zidane.jpeg */ = {isa = PBXFileReference; lastKnownFileType = image.jpeg; path = zidane.jpeg; sourceTree = "<group>"; };
		E70C474E28857ED7005B18A4 /* Detector.swift */ = {isa = PBXFileReference; fileEncoding = 4; lastKnownFileType = sourcecode.swift; path = Detector.swift; sourceTree = "<group>"; };
		E70C474F28857ED7005B18A4 /* YOLOv5s.mlmodel */ = {isa = PBXFileReference; lastKnownFileType = file.mlmodel; path = YOLOv5s.mlmodel; sourceTree = "<group>"; };
		E70C475528857EFF005B18A4 /* ViewController.swift */ = {isa = PBXFileReference; fileEncoding = 4; lastKnownFileType = sourcecode.swift; path = ViewController.swift; sourceTree = "<group>"; };
		E70C475628857EFF005B18A4 /* AppDelegate.swift */ = {isa = PBXFileReference; fileEncoding = 4; lastKnownFileType = sourcecode.swift; path = AppDelegate.swift; sourceTree = "<group>"; };
		E70C475728857EFF005B18A4 /* SceneDelegate.swift */ = {isa = PBXFileReference; fileEncoding = 4; lastKnownFileType = sourcecode.swift; path = SceneDelegate.swift; sourceTree = "<group>"; };
		E70C475828857EFF005B18A4 /* CameraViewController.swift */ = {isa = PBXFileReference; fileEncoding = 4; lastKnownFileType = sourcecode.swift; path = CameraViewController.swift; sourceTree = "<group>"; };
		E70C475E288580C4005B18A4 /* Main.storyboard */ = {isa = PBXFileReference; fileEncoding = 4; lastKnownFileType = file.storyboard; path = Main.storyboard; sourceTree = "<group>"; };
/* End PBXFileReference section */

/* Begin PBXFrameworksBuildPhase section */
		E70C473128857EB9005B18A4 /* Frameworks */ = {
			isa = PBXFrameworksBuildPhase;
			buildActionMask = 2147483647;
			files = (
			);
			runOnlyForDeploymentPostprocessing = 0;
		};
/* End PBXFrameworksBuildPhase section */

/* Begin PBXGroup section */
		E70C472B28857EB9005B18A4 = {
			isa = PBXGroup;
			children = (
				E70C473628857EB9005B18A4 /* YOLOv5-CoreML */,
				E70C473528857EB9005B18A4 /* Products */,
			);
			sourceTree = "<group>";
		};
		E70C473528857EB9005B18A4 /* Products */ = {
			isa = PBXGroup;
			children = (
				E70C473428857EB9005B18A4 /* YOLOv5-CoreML.app */,
			);
			name = Products;
			sourceTree = "<group>";
		};
		E70C473628857EB9005B18A4 /* YOLOv5-CoreML */ = {
			isa = PBXGroup;
			children = (
				E70C474B28857ED0005B18A4 /* zidane.jpeg */,
				E70C474D28857ED7005B18A4 /* YOLO */,
				E70C475628857EFF005B18A4 /* AppDelegate.swift */,
				E70C475828857EFF005B18A4 /* CameraViewController.swift */,
				E70C475728857EFF005B18A4 /* SceneDelegate.swift */,
				E70C475528857EFF005B18A4 /* ViewController.swift */,
				E70C475E288580C4005B18A4 /* Main.storyboard */,
				E70C474228857EBB005B18A4 /* LaunchScreen.storyboard */,
				E70C474028857EBB005B18A4 /* Assets.xcassets */,
				E70C474528857EBB005B18A4 /* Info.plist */,
			);
			path = "YOLOv5-CoreML";
			sourceTree = "<group>";
		};
		E70C474D28857ED7005B18A4 /* YOLO */ = {
			isa = PBXGroup;
			children = (
				E70C474E28857ED7005B18A4 /* Detector.swift */,
				E70C474F28857ED7005B18A4 /* YOLOv5s.mlmodel */,
			);
			path = YOLO;
			sourceTree = "<group>";
		};
/* End PBXGroup section */

/* Begin PBXNativeTarget section */
		E70C473328857EB9005B18A4 /* YOLOv5-CoreML */ = {
			isa = PBXNativeTarget;
			buildConfigurationList = E70C474828857EBB005B18A4 /* Build configuration list for PBXNativeTarget "YOLOv5-CoreML" */;
			buildPhases = (
				E70C473028857EB9005B18A4 /* Sources */,
				E70C473128857EB9005B18A4 /* Frameworks */,
				E70C473228857EB9005B18A4 /* Resources */,
			);
			buildRules = (
			);
			dependencies = (
			);
			name = "YOLOv5-CoreML";
			productName = "YOLOv5-CoreML";
			productReference = E70C473428857EB9005B18A4 /* YOLOv5-CoreML.app */;
			productType = "com.apple.product-type.application";
		};
/* End PBXNativeTarget section */

/* Begin PBXProject section */
		E70C472C28857EB9005B18A4 /* Project object */ = {
			isa = PBXProject;
			attributes = {
				BuildIndependentTargetsInParallel = 1;
				LastSwiftUpdateCheck = 1340;
				LastUpgradeCheck = 1340;
				TargetAttributes = {
					E70C473328857EB9005B18A4 = {
						CreatedOnToolsVersion = 13.4.1;
					};
				};
			};
			buildConfigurationList = E70C472F28857EB9005B18A4 /* Build configuration list for PBXProject "YOLOv5-CoreML" */;
			compatibilityVersion = "Xcode 13.0";
			developmentRegion = en;
			hasScannedForEncodings = 0;
			knownRegions = (
				en,
				Base,
			);
			mainGroup = E70C472B28857EB9005B18A4;
			productRefGroup = E70C473528857EB9005B18A4 /* Products */;
			projectDirPath = "";
			projectRoot = "";
			targets = (
				E70C473328857EB9005B18A4 /* YOLOv5-CoreML */,
			);
		};
/* End PBXProject section */

/* Begin PBXResourcesBuildPhase section */
		E70C473228857EB9005B18A4 /* Resources */ = {
			isa = PBXResourcesBuildPhase;
			buildActionMask = 2147483647;
			files = (
				E70C474428857EBB005B18A4 /* LaunchScreen.storyboard in Resources */,
				E70C474128857EBB005B18A4 /* Assets.xcassets in Resources */,
				E70C474C28857ED0005B18A4 /* zidane.jpeg in Resources */,
				E70C475F288580C4005B18A4 /* Main.storyboard in Resources */,
			);
			runOnlyForDeploymentPostprocessing = 0;
		};
/* End PBXResourcesBuildPhase section */

/* Begin PBXSourcesBuildPhase section */
		E70C473028857EB9005B18A4 /* Sources */ = {
			isa = PBXSourcesBuildPhase;
			buildActionMask = 2147483647;
			files = (
				E70C475B28857EFF005B18A4 /* SceneDelegate.swift in Sources */,
				E70C475A28857EFF005B18A4 /* AppDelegate.swift in Sources */,
				E70C475928857EFF005B18A4 /* ViewController.swift in Sources */,
				E70C475128857ED7005B18A4 /* YOLOv5s.mlmodel in Sources */,
				E70C475028857ED7005B18A4 /* Detector.swift in Sources */,
				E70C475C28857EFF005B18A4 /* CameraViewController.swift in Sources */,
			);
			runOnlyForDeploymentPostprocessing = 0;
		};
/* End PBXSourcesBuildPhase section */

/* Begin PBXVariantGroup section */
		E70C474228857EBB005B18A4 /* LaunchScreen.storyboard */ = {
			isa = PBXVariantGroup;
			children = (
				E70C474328857EBB005B18A4 /* Base */,
			);
			name = LaunchScreen.storyboard;
			sourceTree = "<group>";
		};
/* End PBXVariantGroup section */

/* Begin XCBuildConfiguration section */
		E70C474628857EBB005B18A4 /* Debug */ = {
			isa = XCBuildConfiguration;
			buildSettings = {
				ALWAYS_SEARCH_USER_PATHS = NO;
				CLANG_ANALYZER_NONNULL = YES;
				CLANG_ANALYZER_NUMBER_OBJECT_CONVERSION = YES_AGGRESSIVE;
				CLANG_CXX_LANGUAGE_STANDARD = "gnu++17";
				CLANG_ENABLE_MODULES = YES;
				CLANG_ENABLE_OBJC_ARC = YES;
				CLANG_ENABLE_OBJC_WEAK = YES;
				CLANG_WARN_BLOCK_CAPTURE_AUTORELEASING = YES;
				CLANG_WARN_BOOL_CONVERSION = YES;
				CLANG_WARN_COMMA = YES;
				CLANG_WARN_CONSTANT_CONVERSION = YES;
				CLANG_WARN_DEPRECATED_OBJC_IMPLEMENTATIONS = YES;
				CLANG_WARN_DIRECT_OBJC_ISA_USAGE = YES_ERROR;
				CLANG_WARN_DOCUMENTATION_COMMENTS = YES;
				CLANG_WARN_EMPTY_BODY = YES;
				CLANG_WARN_ENUM_CONVERSION = YES;
				CLANG_WARN_INFINITE_RECURSION = YES;
				CLANG_WARN_INT_CONVERSION = YES;
				CLANG_WARN_NON_LITERAL_NULL_CONVERSION = YES;
				CLANG_WARN_OBJC_IMPLICIT_RETAIN_SELF = YES;
				CLANG_WARN_OBJC_LITERAL_CONVERSION = YES;
				CLANG_WARN_OBJC_ROOT_CLASS = YES_ERROR;
				CLANG_WARN_QUOTED_INCLUDE_IN_FRAMEWORK_HEADER = YES;
				CLANG_WARN_RANGE_LOOP_ANALYSIS = YES;
				CLANG_WARN_STRICT_PROTOTYPES = YES;
				CLANG_WARN_SUSPICIOUS_MOVE = YES;
				CLANG_WARN_UNGUARDED_AVAILABILITY = YES_AGGRESSIVE;
				CLANG_WARN_UNREACHABLE_CODE = YES;
				CLANG_WARN__DUPLICATE_METHOD_MATCH = YES;
				COPY_PHASE_STRIP = NO;
				DEBUG_INFORMATION_FORMAT = dwarf;
				ENABLE_STRICT_OBJC_MSGSEND = YES;
				ENABLE_TESTABILITY = YES;
				GCC_C_LANGUAGE_STANDARD = gnu11;
				GCC_DYNAMIC_NO_PIC = NO;
				GCC_NO_COMMON_BLOCKS = YES;
				GCC_OPTIMIZATION_LEVEL = 0;
				GCC_PREPROCESSOR_DEFINITIONS = (
					"DEBUG=1",
					"$(inherited)",
				);
				GCC_WARN_64_TO_32_BIT_CONVERSION = YES;
				GCC_WARN_ABOUT_RETURN_TYPE = YES_ERROR;
				GCC_WARN_UNDECLARED_SELECTOR = YES;
				GCC_WARN_UNINITIALIZED_AUTOS = YES_AGGRESSIVE;
				GCC_WARN_UNUSED_FUNCTION = YES;
				GCC_WARN_UNUSED_VARIABLE = YES;
				IPHONEOS_DEPLOYMENT_TARGET = 15.5;
				MTL_ENABLE_DEBUG_INFO = INCLUDE_SOURCE;
				MTL_FAST_MATH = YES;
				ONLY_ACTIVE_ARCH = YES;
				SDKROOT = iphoneos;
				SWIFT_ACTIVE_COMPILATION_CONDITIONS = DEBUG;
				SWIFT_OPTIMIZATION_LEVEL = "-Onone";
			};
			name = Debug;
		};
		E70C474728857EBB005B18A4 /* Release */ = {
			isa = XCBuildConfiguration;
			buildSettings = {
				ALWAYS_SEARCH_USER_PATHS = NO;
				CLANG_ANALYZER_NONNULL = YES;
				CLANG_ANALYZER_NUMBER_OBJECT_CONVERSION = YES_AGGRESSIVE;
				CLANG_CXX_LANGUAGE_STANDARD = "gnu++17";
				CLANG_ENABLE_MODULES = YES;
				CLANG_ENABLE_OBJC_ARC = YES;
				CLANG_ENABLE_OBJC_WEAK = YES;
				CLANG_WARN_BLOCK_CAPTURE_AUTORELEASING = YES;
				CLANG_WARN_BOOL_CONVERSION = YES;
				CLANG_WARN_COMMA = YES;
				CLANG_WARN_CONSTANT_CONVERSION = YES;
				CLANG_WARN_DEPRECATED_OBJC_IMPLEMENTATIONS = YES;
				CLANG_WARN_DIRECT_OBJC_ISA_USAGE = YES_ERROR;
				CLANG_WARN_DOCUMENTATION_COMMENTS = YES;
				CLANG_WARN_EMPTY_BODY = YES;
				CLANG_WARN_ENUM_CONVERSION = YES;
				CLANG_WARN_INFINITE_RECURSION = YES;
				CLANG_WARN_INT_CONVERSION = YES;
				CLANG_WARN_NON_LITERAL_NULL_CONVERSION = YES;
				CLANG_WARN_OBJC_IMPLICIT_RETAIN_SELF = YES;
				CLANG_WARN_OBJC_LITERAL_CONVERSION = YES;
				CLANG_WARN_OBJC_ROOT_CLASS = YES_ERROR;
				CLANG_WARN_QUOTED_INCLUDE_IN_FRAMEWORK_HEADER = YES;
				CLANG_WARN_RANGE_LOOP_ANALYSIS = YES;
				CLANG_WARN_STRICT_PROTOTYPES = YES;
				CLANG_WARN_SUSPICIOUS_MOVE = YES;
				CLANG_WARN_UNGUARDED_AVAILABILITY = YES_AGGRESSIVE;
				CLANG_WARN_UNREACHABLE_CODE = YES;
				CLANG_WARN__DUPLICATE_METHOD_MATCH = YES;
				COPY_PHASE_STRIP = NO;
				DEBUG_INFORMATION_FORMAT = "dwarf-with-dsym";
				ENABLE_NS_ASSERTIONS = NO;
				ENABLE_STRICT_OBJC_MSGSEND = YES;
				GCC_C_LANGUAGE_STANDARD = gnu11;
				GCC_NO_COMMON_BLOCKS = YES;
				GCC_WARN_64_TO_32_BIT_CONVERSION = YES;
				GCC_WARN_ABOUT_RETURN_TYPE = YES_ERROR;
				GCC_WARN_UNDECLARED_SELECTOR = YES;
				GCC_WARN_UNINITIALIZED_AUTOS = YES_AGGRESSIVE;
				GCC_WARN_UNUSED_FUNCTION = YES;
				GCC_WARN_UNUSED_VARIABLE = YES;
				IPHONEOS_DEPLOYMENT_TARGET = 15.5;
				MTL_ENABLE_DEBUG_INFO = NO;
				MTL_FAST_MATH = YES;
				SDKROOT = iphoneos;
				SWIFT_COMPILATION_MODE = wholemodule;
				SWIFT_OPTIMIZATION_LEVEL = "-O";
				VALIDATE_PRODUCT = YES;
			};
			name = Release;
		};
		E70C474928857EBB005B18A4 /* Debug */ = {
			isa = XCBuildConfiguration;
			buildSettings = {
				ASSETCATALOG_COMPILER_APPICON_NAME = AppIcon;
				ASSETCATALOG_COMPILER_GLOBAL_ACCENT_COLOR_NAME = AccentColor;
				CODE_SIGN_STYLE = Automatic;
				CURRENT_PROJECT_VERSION = 1;
				GENERATE_INFOPLIST_FILE = YES;
				INFOPLIST_FILE = "YOLOv5-CoreML/Info.plist";
				INFOPLIST_KEY_NSCameraUsageDescription = "use camera";
				INFOPLIST_KEY_UIApplicationSupportsIndirectInputEvents = YES;
				INFOPLIST_KEY_UILaunchStoryboardName = LaunchScreen;
				INFOPLIST_KEY_UIMainStoryboardFile = Main;
				INFOPLIST_KEY_UISupportedInterfaceOrientations_iPad = "UIInterfaceOrientationPortrait UIInterfaceOrientationPortraitUpsideDown UIInterfaceOrientationLandscapeLeft UIInterfaceOrientationLandscapeRight";
				INFOPLIST_KEY_UISupportedInterfaceOrientations_iPhone = "UIInterfaceOrientationPortrait UIInterfaceOrientationLandscapeLeft UIInterfaceOrientationLandscapeRight";
				IPHONEOS_DEPLOYMENT_TARGET = 13.0;
				LD_RUNPATH_SEARCH_PATHS = (
					"$(inherited)",
					"@executable_path/Frameworks",
				);
				MARKETING_VERSION = 1.0;
				PRODUCT_BUNDLE_IDENTIFIER = "M-Quadra.YOLOv5-CoreML";
				PRODUCT_NAME = "$(TARGET_NAME)";
				SWIFT_EMIT_LOC_STRINGS = YES;
				SWIFT_VERSION = 5.0;
				TARGETED_DEVICE_FAMILY = "1,2";
			};
			name = Debug;
		};
		E70C474A28857EBB005B18A4 /* Release */ = {
			isa = XCBuildConfiguration;
			buildSettings = {
				ASSETCATALOG_COMPILER_APPICON_NAME = AppIcon;
				ASSETCATALOG_COMPILER_GLOBAL_ACCENT_COLOR_NAME = AccentColor;
				CODE_SIGN_STYLE = Automatic;
				CURRENT_PROJECT_VERSION = 1;
				GENERATE_INFOPLIST_FILE = YES;
				INFOPLIST_FILE = "YOLOv5-CoreML/Info.plist";
				INFOPLIST_KEY_NSCameraUsageDescription = "use camera";
				INFOPLIST_KEY_UIApplicationSupportsIndirectInputEvents = YES;
				INFOPLIST_KEY_UILaunchStoryboardName = LaunchScreen;
				INFOPLIST_KEY_UIMainStoryboardFile = Main;
				INFOPLIST_KEY_UISupportedInterfaceOrientations_iPad = "UIInterfaceOrientationPortrait UIInterfaceOrientationPortraitUpsideDown UIInterfaceOrientationLandscapeLeft UIInterfaceOrientationLandscapeRight";
				INFOPLIST_KEY_UISupportedInterfaceOrientations_iPhone = "UIInterfaceOrientationPortrait UIInterfaceOrientationLandscapeLeft UIInterfaceOrientationLandscapeRight";
				IPHONEOS_DEPLOYMENT_TARGET = 13.0;
				LD_RUNPATH_SEARCH_PATHS = (
					"$(inherited)",
					"@executable_path/Frameworks",
				);
				MARKETING_VERSION = 1.0;
				PRODUCT_BUNDLE_IDENTIFIER = "M-Quadra.YOLOv5-CoreML";
				PRODUCT_NAME = "$(TARGET_NAME)";
				SWIFT_EMIT_LOC_STRINGS = YES;
				SWIFT_VERSION = 5.0;
				TARGETED_DEVICE_FAMILY = "1,2";
			};
			name = Release;
		};
/* End XCBuildConfiguration section */

/* Begin XCConfigurationList section */
		E70C472F28857EB9005B18A4 /* Build configuration list for PBXProject "YOLOv5-CoreML" */ = {
			isa = XCConfigurationList;
			buildConfigurations = (
				E70C474628857EBB005B18A4 /* Debug */,
				E70C474728857EBB005B18A4 /* Release */,
			);
			defaultConfigurationIsVisible = 0;
			defaultConfigurationName = Release;
		};
		E70C474828857EBB005B18A4 /* Build configuration list for PBXNativeTarget "YOLOv5-CoreML" */ = {
			isa = XCConfigurationList;
			buildConfigurations = (
				E70C474928857EBB005B18A4 /* Debug */,
				E70C474A28857EBB005B18A4 /* Release */,
			);
			defaultConfigurationIsVisible = 0;
			defaultConfigurationName = Release;
		};
/* End XCConfigurationList section */
	};
	rootObject = E70C472C28857EB9005B18A4 /* Project object */;
}
